
Microsoft Visual Studio Solution File, Format Version 12.00
# Visual Studio Version 16
VisualStudioVersion = 16.0.810.11
MinimumVisualStudioVersion = 10.0.40219.1
Project("{FAE04EC0-301F-11D3-BF4B-00C04F79EFBC}") = "ExperimentWithControlsBlazor", "ExperimentWithControlsBlazor\ExperimentWithControlsBlazor.csproj", "{C99DD641-FB1F-45A5-B498-C9A728B4D2B0}"
EndProject
Global
	GlobalSection(SolutionConfigurationPlatforms) = preSolution
		Debug|Any CPU = Debug|Any CPU
		Release|Any CPU = Release|Any CPU
	EndGlobalSection
	GlobalSection(ProjectConfigurationPlatforms) = postSolution
		{C99DD641-FB1F-45A5-B498-C9A728B4D2B0}.Debug|Any CPU.ActiveCfg = Debug|Any CPU
		{C99DD641-FB1F-45A5-B498-C9A728B4D2B0}.Debug|Any CPU.Build.0 = Debug|Any CPU
		{C99DD641-FB1F-45A5-B498-C9A728B4D2B0}.Release|Any CPU.ActiveCfg = Release|Any CPU
		{C99DD641-FB1F-45A5-B498-C9A728B4D2B0}.Release|Any CPU.Build.0 = Release|Any CPU
	EndGlobalSection
	GlobalSection(SolutionProperties) = preSolution
		HideSolutionNode = FALSE
	EndGlobalSection
	GlobalSection(ExtensibilityGlobals) = postSolution
		SolutionGuid = {4EC81F83-2C9D-4E9B-A34F-021118E3DFBF}
	EndGlobalSection
EndGlobal
